{
  "name": "zecwallet-cli-tutorial",
  "version": "1.0.0",
  "lockfileVersion": 2,
  "requires": true,
  "packages": {
    "": {
      "name": "zecwallet-cli-tutorial",
      "version": "1.0.0",
      "license": "ISC",
      "dependencies": {
        "spec-md": "^3.0.2"
      }
    },
    "node_modules/prismjs": {
      "version": "1.24.1",
      "resolved": "https://registry.npmjs.org/prismjs/-/prismjs-1.24.1.tgz",
      "integrity": "sha512-mNPsedLuk90RVJioIky8ANZEwYm5w9LcvCXrxHlwf4fNVSn8jEipMybMkWUyyF0JhnC+C4VcOVSBuHRKs1L5Ow=="
    },
    "node_modules/spec-md": {
      "version": "3.0.2",
      "resolved": "https://registry.npmjs.org/spec-md/-/spec-md-3.0.2.tgz",
      "integrity": "sha512-UP5FZWwWrNuMBowubdPUgC4oKhBJCYUGdCMh4GR1KGuSLL4Hzo0fNI/jKGiLaKMxzO9EzAD9sTAZWRfTaBA/+g==",
      "dependencies": {
        "prismjs": "^1.23.0"
      },
      "bin": {
        "spec-md": "bin/spec-md"
      },
      "engines": {
        "node": ">=10.14.2"
      }
    }
  },
  "dependencies": {
    "prismjs": {
      "version": "1.24.1",
      "resolved": "https://registry.npmjs.org/prismjs/-/prismjs-1.24.1.tgz",
      "integrity": "sha512-mNPsedLuk90RVJioIky8ANZEwYm5w9LcvCXrxHlwf4fNVSn8jEipMybMkWUyyF0JhnC+C4VcOVSBuHRKs1L5Ow=="
    },
    "spec-md": {
      "version": "3.0.2",
      "resolved": "https://registry.npmjs.org/spec-md/-/spec-md-3.0.2.tgz",
      "integrity": "sha512-UP5FZWwWrNuMBowubdPUgC4oKhBJCYUGdCMh4GR1KGuSLL4Hzo0fNI/jKGiLaKMxzO9EzAD9sTAZWRfTaBA/+g==",
      "requires": {
        "prismjs": "^1.23.0"
      }
    }
  }
}
